
Microsoft Visual Studio Solution File, Format Version 12.00
# Visual Studio 15
VisualStudioVersion = 15.0.26730.15
MinimumVisualStudioVersion = 10.0.40219.1
Project("{FAE04EC0-301F-11D3-BF4B-00C04F79EFBC}") = "01. HelloName", "01. HelloName\01. HelloName.csproj", "{8CD91751-D050-4B3A-8152-26348FBA8BB8}"
EndProject
Project("{FAE04EC0-301F-11D3-BF4B-00C04F79EFBC}") = "02. MaxMetod", "02. MaxMetod\02. MaxMetod.csproj", "{62929D7B-4BC7-4F44-A265-DFEA35221387}"
EndProject
Project("{FAE04EC0-301F-11D3-BF4B-00C04F79EFBC}") = "03. EnglishNameLastDigit", "03. EnglishNameLastDigit\03. EnglishNameLastDigit.csproj", "{47D57969-CA32-44B3-9D5C-9A579D61674C}"
EndProject
Project("{FAE04EC0-301F-11D3-BF4B-00C04F79EFBC}") = "04. NumberInReverse", "04. NumberInReverse\04. NumberInReverse.csproj", "{319A8487-EDBD-448C-A1E9-2FB2521831BD}"
EndProject
Project("{FAE04EC0-301F-11D3-BF4B-00C04F79EFBC}") = "05. Fibonnaci", "05. Fibonnaci\05. Fibonnaci.csproj", "{A6EFA63B-67C4-4A64-98A6-4ECAF3B40851}"
EndProject
Project("{FAE04EC0-301F-11D3-BF4B-00C04F79EFBC}") = "06. PrimeChecker", "06. PrimeChecker\06. PrimeChecker.csproj", "{534CB6BA-E655-4A64-965D-9391F8573F00}"
EndProject
Project("{FAE04EC0-301F-11D3-BF4B-00C04F79EFBC}") = "07. PrimesInGivenRange", "07. PrimesInGivenRange\07. PrimesInGivenRange.csproj", "{1FF8EAFF-7416-4A36-87EC-657A2BEE8BEB}"
EndProject
Project("{FAE04EC0-301F-11D3-BF4B-00C04F79EFBC}") = "08. CenterPoint", "08. CenterPoint\08. CenterPoint.csproj", "{F9AEC61C-EDDE-4B58-BA84-737B295A671D}"
EndProject
Project("{FAE04EC0-301F-11D3-BF4B-00C04F79EFBC}") = "10. CubeProperties", "10. CubeProperties\10. CubeProperties.csproj", "{413754D3-DAEB-419C-BE4F-B8A9905F93CC}"
EndProject
Project("{FAE04EC0-301F-11D3-BF4B-00C04F79EFBC}") = "11. GeometricCalculator", "11. GeometricCalculator\11. GeometricCalculator.csproj", "{CBC23BB5-F4D2-427E-BD7A-D6D1EB1B876E}"
EndProject
Project("{FAE04EC0-301F-11D3-BF4B-00C04F79EFBC}") = "12. MasterNumbers", "12. MasterNumbers\12. MasterNumbers.csproj", "{219BEA73-B591-44B2-AD8B-391AA02EC9C5}"
EndProject
Project("{FAE04EC0-301F-11D3-BF4B-00C04F79EFBC}") = "09. LongerLine", "09. LongerLine\09. LongerLine.csproj", "{BC5BD61A-D871-443F-8C6B-3E14983053D3}"
EndProject
Project("{FAE04EC0-301F-11D3-BF4B-00C04F79EFBC}") = "13. Factorial", "13. Factorial\13. Factorial.csproj", "{D8572C69-5B27-4000-89BC-7E4B6ADC6B22}"
EndProject
Project("{FAE04EC0-301F-11D3-BF4B-00C04F79EFBC}") = "14. FactiorialTrailingZeros", "14. FactiorialTrailingZeros\14. FactiorialTrailingZeros.csproj", "{08AC9333-C2D8-4371-80D6-8A077D1A26AA}"
EndProject
Project("{FAE04EC0-301F-11D3-BF4B-00C04F79EFBC}") = "15. Substring", "15. Substring\15. Substring.csproj", "{ACFBC287-A3BD-4ED5-A012-4B3173503F56}"
EndProject
Project("{FAE04EC0-301F-11D3-BF4B-00C04F79EFBC}") = "16. InstructionSet", "16. InstructionSet\16. InstructionSet.csproj", "{2B872E51-3371-41B8-B437-BB4B11468FE1}"
EndProject
Project("{FAE04EC0-301F-11D3-BF4B-00C04F79EFBC}") = "17. BePositive", "17. BePositive\17. BePositive.csproj", "{4722EE9E-82C4-4769-82A2-BE90371E53E2}"
EndProject
Global
	GlobalSection(SolutionConfigurationPlatforms) = preSolution
		Debug|Any CPU = Debug|Any CPU
		Release|Any CPU = Release|Any CPU
	EndGlobalSection
	GlobalSection(ProjectConfigurationPlatforms) = postSolution
		{8CD91751-D050-4B3A-8152-26348FBA8BB8}.Debug|Any CPU.ActiveCfg = Debug|Any CPU
		{8CD91751-D050-4B3A-8152-26348FBA8BB8}.Debug|Any CPU.Build.0 = Debug|Any CPU
		{8CD91751-D050-4B3A-8152-26348FBA8BB8}.Release|Any CPU.ActiveCfg = Release|Any CPU
		{8CD91751-D050-4B3A-8152-26348FBA8BB8}.Release|Any CPU.Build.0 = Release|Any CPU
		{62929D7B-4BC7-4F44-A265-DFEA35221387}.Debug|Any CPU.ActiveCfg = Debug|Any CPU
		{62929D7B-4BC7-4F44-A265-DFEA35221387}.Debug|Any CPU.Build.0 = Debug|Any CPU
		{62929D7B-4BC7-4F44-A265-DFEA35221387}.Release|Any CPU.ActiveCfg = Release|Any CPU
		{62929D7B-4BC7-4F44-A265-DFEA35221387}.Release|Any CPU.Build.0 = Release|Any CPU
		{47D57969-CA32-44B3-9D5C-9A579D61674C}.Debug|Any CPU.ActiveCfg = Debug|Any CPU
		{47D57969-CA32-44B3-9D5C-9A579D61674C}.Debug|Any CPU.Build.0 = Debug|Any CPU
		{47D57969-CA32-44B3-9D5C-9A579D61674C}.Release|Any CPU.ActiveCfg = Release|Any CPU
		{47D57969-CA32-44B3-9D5C-9A579D61674C}.Release|Any CPU.Build.0 = Release|Any CPU
		{319A8487-EDBD-448C-A1E9-2FB2521831BD}.Debug|Any CPU.ActiveCfg = Debug|Any CPU
		{319A8487-EDBD-448C-A1E9-2FB2521831BD}.Debug|Any CPU.Build.0 = Debug|Any CPU
		{319A8487-EDBD-448C-A1E9-2FB2521831BD}.Release|Any CPU.ActiveCfg = Release|Any CPU
		{319A8487-EDBD-448C-A1E9-2FB2521831BD}.Release|Any CPU.Build.0 = Release|Any CPU
		{A6EFA63B-67C4-4A64-98A6-4ECAF3B40851}.Debug|Any CPU.ActiveCfg = Debug|Any CPU
		{A6EFA63B-67C4-4A64-98A6-4ECAF3B40851}.Debug|Any CPU.Build.0 = Debug|Any CPU
		{A6EFA63B-67C4-4A64-98A6-4ECAF3B40851}.Release|Any CPU.ActiveCfg = Release|Any CPU
		{A6EFA63B-67C4-4A64-98A6-4ECAF3B40851}.Release|Any CPU.Build.0 = Release|Any CPU
		{534CB6BA-E655-4A64-965D-9391F8573F00}.Debug|Any CPU.ActiveCfg = Debug|Any CPU
		{534CB6BA-E655-4A64-965D-9391F8573F00}.Debug|Any CPU.Build.0 = Debug|Any CPU
		{534CB6BA-E655-4A64-965D-9391F8573F00}.Release|Any CPU.ActiveCfg = Release|Any CPU
		{534CB6BA-E655-4A64-965D-9391F8573F00}.Release|Any CPU.Build.0 = Release|Any CPU
		{1FF8EAFF-7416-4A36-87EC-657A2BEE8BEB}.Debug|Any CPU.ActiveCfg = Debug|Any CPU
		{1FF8EAFF-7416-4A36-87EC-657A2BEE8BEB}.Debug|Any CPU.Build.0 = Debug|Any CPU
		{1FF8EAFF-7416-4A36-87EC-657A2BEE8BEB}.Release|Any CPU.ActiveCfg = Release|Any CPU
		{1FF8EAFF-7416-4A36-87EC-657A2BEE8BEB}.Release|Any CPU.Build.0 = Release|Any CPU
		{F9AEC61C-EDDE-4B58-BA84-737B295A671D}.Debug|Any CPU.ActiveCfg = Debug|Any CPU
		{F9AEC61C-EDDE-4B58-BA84-737B295A671D}.Debug|Any CPU.Build.0 = Debug|Any CPU
		{F9AEC61C-EDDE-4B58-BA84-737B295A671D}.Release|Any CPU.ActiveCfg = Release|Any CPU
		{F9AEC61C-EDDE-4B58-BA84-737B295A671D}.Release|Any CPU.Build.0 = Release|Any CPU
		{413754D3-DAEB-419C-BE4F-B8A9905F93CC}.Debug|Any CPU.ActiveCfg = Debug|Any CPU
		{413754D3-DAEB-419C-BE4F-B8A9905F93CC}.Debug|Any CPU.Build.0 = Debug|Any CPU
		{413754D3-DAEB-419C-BE4F-B8A9905F93CC}.Release|Any CPU.ActiveCfg = Release|Any CPU
		{413754D3-DAEB-419C-BE4F-B8A9905F93CC}.Release|Any CPU.Build.0 = Release|Any CPU
		{CBC23BB5-F4D2-427E-BD7A-D6D1EB1B876E}.Debug|Any CPU.ActiveCfg = Debug|Any CPU
		{CBC23BB5-F4D2-427E-BD7A-D6D1EB1B876E}.Debug|Any CPU.Build.0 = Debug|Any CPU
		{CBC23BB5-F4D2-427E-BD7A-D6D1EB1B876E}.Release|Any CPU.ActiveCfg = Release|Any CPU
		{CBC23BB5-F4D2-427E-BD7A-D6D1EB1B876E}.Release|Any CPU.Build.0 = Release|Any CPU
		{219BEA73-B591-44B2-AD8B-391AA02EC9C5}.Debug|Any CPU.ActiveCfg = Debug|Any CPU
		{219BEA73-B591-44B2-AD8B-391AA02EC9C5}.Debug|Any CPU.Build.0 = Debug|Any CPU
		{219BEA73-B591-44B2-AD8B-391AA02EC9C5}.Release|Any CPU.ActiveCfg = Release|Any CPU
		{219BEA73-B591-44B2-AD8B-391AA02EC9C5}.Release|Any CPU.Build.0 = Release|Any CPU
		{BC5BD61A-D871-443F-8C6B-3E14983053D3}.Debug|Any CPU.ActiveCfg = Debug|Any CPU
		{BC5BD61A-D871-443F-8C6B-3E14983053D3}.Debug|Any CPU.Build.0 = Debug|Any CPU
		{BC5BD61A-D871-443F-8C6B-3E14983053D3}.Release|Any CPU.ActiveCfg = Release|Any CPU
		{BC5BD61A-D871-443F-8C6B-3E14983053D3}.Release|Any CPU.Build.0 = Release|Any CPU
		{D8572C69-5B27-4000-89BC-7E4B6ADC6B22}.Debug|Any CPU.ActiveCfg = Debug|Any CPU
		{D8572C69-5B27-4000-89BC-7E4B6ADC6B22}.Debug|Any CPU.Build.0 = Debug|Any CPU
		{D8572C69-5B27-4000-89BC-7E4B6ADC6B22}.Release|Any CPU.ActiveCfg = Release|Any CPU
		{D8572C69-5B27-4000-89BC-7E4B6ADC6B22}.Release|Any CPU.Build.0 = Release|Any CPU
		{08AC9333-C2D8-4371-80D6-8A077D1A26AA}.Debug|Any CPU.ActiveCfg = Debug|Any CPU
		{08AC9333-C2D8-4371-80D6-8A077D1A26AA}.Debug|Any CPU.Build.0 = Debug|Any CPU
		{08AC9333-C2D8-4371-80D6-8A077D1A26AA}.Release|Any CPU.ActiveCfg = Release|Any CPU
		{08AC9333-C2D8-4371-80D6-8A077D1A26AA}.Release|Any CPU.Build.0 = Release|Any CPU
		{ACFBC287-A3BD-4ED5-A012-4B3173503F56}.Debug|Any CPU.ActiveCfg = Debug|Any CPU
		{ACFBC287-A3BD-4ED5-A012-4B3173503F56}.Debug|Any CPU.Build.0 = Debug|Any CPU
		{ACFBC287-A3BD-4ED5-A012-4B3173503F56}.Release|Any CPU.ActiveCfg = Release|Any CPU
		{ACFBC287-A3BD-4ED5-A012-4B3173503F56}.Release|Any CPU.Build.0 = Release|Any CPU
		{2B872E51-3371-41B8-B437-BB4B11468FE1}.Debug|Any CPU.ActiveCfg = Debug|Any CPU
		{2B872E51-3371-41B8-B437-BB4B11468FE1}.Debug|Any CPU.Build.0 = Debug|Any CPU
		{2B872E51-3371-41B8-B437-BB4B11468FE1}.Release|Any CPU.ActiveCfg = Release|Any CPU
		{2B872E51-3371-41B8-B437-BB4B11468FE1}.Release|Any CPU.Build.0 = Release|Any CPU
		{4722EE9E-82C4-4769-82A2-BE90371E53E2}.Debug|Any CPU.ActiveCfg = Debug|Any CPU
		{4722EE9E-82C4-4769-82A2-BE90371E53E2}.Debug|Any CPU.Build.0 = Debug|Any CPU
		{4722EE9E-82C4-4769-82A2-BE90371E53E2}.Release|Any CPU.ActiveCfg = Release|Any CPU
		{4722EE9E-82C4-4769-82A2-BE90371E53E2}.Release|Any CPU.Build.0 = Release|Any CPU
	EndGlobalSection
	GlobalSection(SolutionProperties) = preSolution
		HideSolutionNode = FALSE
	EndGlobalSection
	GlobalSection(ExtensibilityGlobals) = postSolution
		SolutionGuid = {A6AC35C3-5560-43AA-8EF3-9A8EA9859EAC}
	EndGlobalSection
EndGlobal
