
Microsoft Visual Studio Solution File, Format Version 12.00
# Visual Studio 15
VisualStudioVersion = 15.0.26730.15
MinimumVisualStudioVersion = 10.0.40219.1
Project("{FAE04EC0-301F-11D3-BF4B-00C04F79EFBC}") = "01. ExtractEmails", "01. ExtractEmails\01. ExtractEmails.csproj", "{C1151697-70F3-41F1-9FBA-B5F15DF0B555}"
EndProject
Project("{FAE04EC0-301F-11D3-BF4B-00C04F79EFBC}") = "02. ExtractSentencesByKeyword", "02. ExtractSentencesByKeyword\02. ExtractSentencesByKeyword.csproj", "{267A2D52-B990-4098-86F3-2582CFFECF1C}"
EndProject
Project("{FAE04EC0-301F-11D3-BF4B-00C04F79EFBC}") = "03. CameraView", "03. CameraView\03. CameraView.csproj", "{7B141159-32A8-4FAA-A52B-4EC3E5D07031}"
EndProject
Project("{FAE04EC0-301F-11D3-BF4B-00C04F79EFBC}") = "04. Weather", "04. Weather\04. Weather.csproj", "{B89E2A9F-0617-44CB-92C0-1A220C57F391}"
EndProject
Project("{FAE04EC0-301F-11D3-BF4B-00C04F79EFBC}") = "05. KeyReplacer", "05. KeyReplacer\05. KeyReplacer.csproj", "{7C941377-F9B2-43D7-92A3-D82849C95A96}"
EndProject
Global
	GlobalSection(SolutionConfigurationPlatforms) = preSolution
		Debug|Any CPU = Debug|Any CPU
		Release|Any CPU = Release|Any CPU
	EndGlobalSection
	GlobalSection(ProjectConfigurationPlatforms) = postSolution
		{C1151697-70F3-41F1-9FBA-B5F15DF0B555}.Debug|Any CPU.ActiveCfg = Debug|Any CPU
		{C1151697-70F3-41F1-9FBA-B5F15DF0B555}.Debug|Any CPU.Build.0 = Debug|Any CPU
		{C1151697-70F3-41F1-9FBA-B5F15DF0B555}.Release|Any CPU.ActiveCfg = Release|Any CPU
		{C1151697-70F3-41F1-9FBA-B5F15DF0B555}.Release|Any CPU.Build.0 = Release|Any CPU
		{267A2D52-B990-4098-86F3-2582CFFECF1C}.Debug|Any CPU.ActiveCfg = Debug|Any CPU
		{267A2D52-B990-4098-86F3-2582CFFECF1C}.Debug|Any CPU.Build.0 = Debug|Any CPU
		{267A2D52-B990-4098-86F3-2582CFFECF1C}.Release|Any CPU.ActiveCfg = Release|Any CPU
		{267A2D52-B990-4098-86F3-2582CFFECF1C}.Release|Any CPU.Build.0 = Release|Any CPU
		{7B141159-32A8-4FAA-A52B-4EC3E5D07031}.Debug|Any CPU.ActiveCfg = Debug|Any CPU
		{7B141159-32A8-4FAA-A52B-4EC3E5D07031}.Debug|Any CPU.Build.0 = Debug|Any CPU
		{7B141159-32A8-4FAA-A52B-4EC3E5D07031}.Release|Any CPU.ActiveCfg = Release|Any CPU
		{7B141159-32A8-4FAA-A52B-4EC3E5D07031}.Release|Any CPU.Build.0 = Release|Any CPU
		{B89E2A9F-0617-44CB-92C0-1A220C57F391}.Debug|Any CPU.ActiveCfg = Debug|Any CPU
		{B89E2A9F-0617-44CB-92C0-1A220C57F391}.Debug|Any CPU.Build.0 = Debug|Any CPU
		{B89E2A9F-0617-44CB-92C0-1A220C57F391}.Release|Any CPU.ActiveCfg = Release|Any CPU
		{B89E2A9F-0617-44CB-92C0-1A220C57F391}.Release|Any CPU.Build.0 = Release|Any CPU
		{7C941377-F9B2-43D7-92A3-D82849C95A96}.Debug|Any CPU.ActiveCfg = Debug|Any CPU
		{7C941377-F9B2-43D7-92A3-D82849C95A96}.Debug|Any CPU.Build.0 = Debug|Any CPU
		{7C941377-F9B2-43D7-92A3-D82849C95A96}.Release|Any CPU.ActiveCfg = Release|Any CPU
		{7C941377-F9B2-43D7-92A3-D82849C95A96}.Release|Any CPU.Build.0 = Release|Any CPU
	EndGlobalSection
	GlobalSection(SolutionProperties) = preSolution
		HideSolutionNode = FALSE
	EndGlobalSection
	GlobalSection(ExtensibilityGlobals) = postSolution
		SolutionGuid = {31CCD58D-8BB8-4207-BB18-6E1914E038F6}
	EndGlobalSection
EndGlobal
