
Microsoft Visual Studio Solution File, Format Version 12.00
# Visual Studio 15
VisualStudioVersion = 15.0.26730.15
MinimumVisualStudioVersion = 10.0.40219.1
Project("{FAE04EC0-301F-11D3-BF4B-00C04F79EFBC}") = "Numbers1to50", "Numbers1to50\Numbers1to50.csproj", "{97141F91-CE20-40F3-B4F0-4307036DF97D}"
EndProject
Project("{FAE04EC0-301F-11D3-BF4B-00C04F79EFBC}") = "TODOList", "TODOList\TODOList.csproj", "{459D6F35-EC79-4F88-AAA6-EDF007EF6DF8}"
EndProject
Global
	GlobalSection(SolutionConfigurationPlatforms) = preSolution
		Debug|Any CPU = Debug|Any CPU
		Release|Any CPU = Release|Any CPU
	EndGlobalSection
	GlobalSection(ProjectConfigurationPlatforms) = postSolution
		{97141F91-CE20-40F3-B4F0-4307036DF97D}.Debug|Any CPU.ActiveCfg = Debug|Any CPU
		{97141F91-CE20-40F3-B4F0-4307036DF97D}.Debug|Any CPU.Build.0 = Debug|Any CPU
		{97141F91-CE20-40F3-B4F0-4307036DF97D}.Release|Any CPU.ActiveCfg = Release|Any CPU
		{97141F91-CE20-40F3-B4F0-4307036DF97D}.Release|Any CPU.Build.0 = Release|Any CPU
		{459D6F35-EC79-4F88-AAA6-EDF007EF6DF8}.Debug|Any CPU.ActiveCfg = Debug|Any CPU
		{459D6F35-EC79-4F88-AAA6-EDF007EF6DF8}.Debug|Any CPU.Build.0 = Debug|Any CPU
		{459D6F35-EC79-4F88-AAA6-EDF007EF6DF8}.Release|Any CPU.ActiveCfg = Release|Any CPU
		{459D6F35-EC79-4F88-AAA6-EDF007EF6DF8}.Release|Any CPU.Build.0 = Release|Any CPU
	EndGlobalSection
	GlobalSection(SolutionProperties) = preSolution
		HideSolutionNode = FALSE
	EndGlobalSection
	GlobalSection(ExtensibilityGlobals) = postSolution
		SolutionGuid = {EFC1B54F-8F4A-4B40-ABE3-98EFEA45255E}
	EndGlobalSection
EndGlobal
